
Microsoft Visual Studio Solution File, Format Version 12.00
# Visual Studio Version 17
VisualStudioVersion = 17.3.32929.385
MinimumVisualStudioVersion = 10.0.40219.1
Project("{8BC9CEB8-8B4A-11D0-8D11-00A0C91BC942}") = "Tests", "Tests.vcxproj", "{0AAB7B6D-F1B9-40BF-B2DB-2255F5D0A0A1}"
EndProject
Global
	GlobalSection(SolutionConfigurationPlatforms) = preSolution
		Debug|x64 = Debug|x64
		Debug|x86 = Debug|x86
		Release|x64 = Release|x64
		Release|x86 = Release|x86
	EndGlobalSection
	GlobalSection(ProjectConfigurationPlatforms) = postSolution
		{0AAB7B6D-F1B9-40BF-B2DB-2255F5D0A0A1}.Debug|x64.ActiveCfg = Debug|x64
		{0AAB7B6D-F1B9-40BF-B2DB-2255F5D0A0A1}.Debug|x64.Build.0 = Debug|x64
		{0AAB7B6D-F1B9-40BF-B2DB-2255F5D0A0A1}.Debug|x86.ActiveCfg = Debug|Win32
		{0AAB7B6D-F1B9-40BF-B2DB-2255F5D0A0A1}.Debug|x86.Build.0 = Debug|Win32
		{0AAB7B6D-F1B9-40BF-B2DB-2255F5D0A0A1}.Release|x64.ActiveCfg = Release|x64
		{0AAB7B6D-F1B9-40BF-B2DB-2255F5D0A0A1}.Release|x64.Build.0 = Release|x64
		{0AAB7B6D-F1B9-40BF-B2DB-2255F5D0A0A1}.Release|x86.ActiveCfg = Release|Win32
		{0AAB7B6D-F1B9-40BF-B2DB-2255F5D0A0A1}.Release|x86.Build.0 = Release|Win32
	EndGlobalSection
	GlobalSection(SolutionProperties) = preSolution
		HideSolutionNode = FALSE
	EndGlobalSection
	GlobalSection(ExtensibilityGlobals) = postSolution
		SolutionGuid = {A0234ED8-133B-4C9B-AF99-C4A7556C0251}
	EndGlobalSection
EndGlobal
